// !$*UTF8*$!
{
	archiveVersion = 1;
	classes = {
	};
	objectVersion = 51;
	objects = {

/* Begin PBXBuildFile section */
		0FF2259E230259BCA8C43072 /* Pods_MediumAppClone.framework in Frameworks */ = {isa = PBXBuildFile; fileRef = DB09001DCFC26EEEB336C6E3 /* Pods_MediumAppClone.framework */; };
		8525D2032500DEA40058F645 /* FavoriteViewController.swift in Sources */ = {isa = PBXBuildFile; fileRef = 8525D2022500DEA40058F645 /* FavoriteViewController.swift */; };
		8525D2052500E10E0058F645 /* FavoriteTableViewCell.swift in Sources */ = {isa = PBXBuildFile; fileRef = 8525D2042500E10E0058F645 /* FavoriteTableViewCell.swift */; };
		8568B49C24F3B52A0070AAD8 /* CreateDocumentViewController.swift in Sources */ = {isa = PBXBuildFile; fileRef = 8568B49B24F3B52A0070AAD8 /* CreateDocumentViewController.swift */; };
		8568B4A424F4FE060070AAD8 /* LoginSignUpViewController.swift in Sources */ = {isa = PBXBuildFile; fileRef = 8568B4A324F4FE060070AAD8 /* LoginSignUpViewController.swift */; };
		8592B24724F6DDAB00231EFC /* DynamicConstraint.swift in Sources */ = {isa = PBXBuildFile; fileRef = 8592B24624F6DDAB00231EFC /* DynamicConstraint.swift */; };
		85A9B76C24F90F480013BEF8 /* MainViewController.swift in Sources */ = {isa = PBXBuildFile; fileRef = 85A9B76B24F90F480013BEF8 /* MainViewController.swift */; };
		85A9B76E24F90F810013BEF8 /* MainTableViewCell.swift in Sources */ = {isa = PBXBuildFile; fileRef = 85A9B76D24F90F810013BEF8 /* MainTableViewCell.swift */; };
		85C2634124F0082A005438A1 /* AppDelegate.swift in Sources */ = {isa = PBXBuildFile; fileRef = 85C2634024F0082A005438A1 /* AppDelegate.swift */; };
		85C2634324F0082A005438A1 /* SceneDelegate.swift in Sources */ = {isa = PBXBuildFile; fileRef = 85C2634224F0082A005438A1 /* SceneDelegate.swift */; };
		85C2634524F0082A005438A1 /* ProfileViewController.swift in Sources */ = {isa = PBXBuildFile; fileRef = 85C2634424F0082A005438A1 /* ProfileViewController.swift */; };
		85C2634824F0082A005438A1 /* Main.storyboard in Resources */ = {isa = PBXBuildFile; fileRef = 85C2634624F0082A005438A1 /* Main.storyboard */; };
		85C2634D24F0082C005438A1 /* Assets.xcassets in Resources */ = {isa = PBXBuildFile; fileRef = 85C2634C24F0082C005438A1 /* Assets.xcassets */; };
		85C2635024F0082C005438A1 /* LaunchScreen.storyboard in Resources */ = {isa = PBXBuildFile; fileRef = 85C2634E24F0082C005438A1 /* LaunchScreen.storyboard */; };
		85EA181B24FAD2510047FF7F /* DetailsViewController.swift in Sources */ = {isa = PBXBuildFile; fileRef = 85EA181A24FAD2510047FF7F /* DetailsViewController.swift */; };
		85EA181D24FADD370047FF7F /* Model.swift in Sources */ = {isa = PBXBuildFile; fileRef = 85EA181C24FADD370047FF7F /* Model.swift */; };
/* End PBXBuildFile section */

/* Begin PBXFileReference section */
		4E4B86674575A8E59BE1A96E /* Pods-MediumAppClone.release.xcconfig */ = {isa = PBXFileReference; includeInIndex = 1; lastKnownFileType = text.xcconfig; name = "Pods-MediumAppClone.release.xcconfig"; path = "Target Support Files/Pods-MediumAppClone/Pods-MediumAppClone.release.xcconfig"; sourceTree = "<group>"; };
		7BC2892696DE7089D07BEF96 /* Pods-MediumAppClone.debug.xcconfig */ = {isa = PBXFileReference; includeInIndex = 1; lastKnownFileType = text.xcconfig; name = "Pods-MediumAppClone.debug.xcconfig"; path = "Target Support Files/Pods-MediumAppClone/Pods-MediumAppClone.debug.xcconfig"; sourceTree = "<group>"; };
		8525D2022500DEA40058F645 /* FavoriteViewController.swift */ = {isa = PBXFileReference; lastKnownFileType = sourcecode.swift; path = FavoriteViewController.swift; sourceTree = "<group>"; };
		8525D2042500E10E0058F645 /* FavoriteTableViewCell.swift */ = {isa = PBXFileReference; lastKnownFileType = sourcecode.swift; path = FavoriteTableViewCell.swift; sourceTree = "<group>"; };
		8568B49B24F3B52A0070AAD8 /* CreateDocumentViewController.swift */ = {isa = PBXFileReference; lastKnownFileType = sourcecode.swift; name = CreateDocumentViewController.swift; path = /Users/tutkubide/Desktop/MediumAppClone/MediumAppClone/CreateDocumentViewController.swift; sourceTree = "<absolute>"; };
		8568B4A324F4FE060070AAD8 /* LoginSignUpViewController.swift */ = {isa = PBXFileReference; lastKnownFileType = sourcecode.swift; path = LoginSignUpViewController.swift; sourceTree = "<group>"; };
		8592B24624F6DDAB00231EFC /* DynamicConstraint.swift */ = {isa = PBXFileReference; lastKnownFileType = sourcecode.swift; path = DynamicConstraint.swift; sourceTree = "<group>"; };
		85A9B76B24F90F480013BEF8 /* MainViewController.swift */ = {isa = PBXFileReference; lastKnownFileType = sourcecode.swift; path = MainViewController.swift; sourceTree = "<group>"; };
		85A9B76D24F90F810013BEF8 /* MainTableViewCell.swift */ = {isa = PBXFileReference; lastKnownFileType = sourcecode.swift; path = MainTableViewCell.swift; sourceTree = "<group>"; };
		85C2633D24F0082A005438A1 /* MediumAppClone.app */ = {isa = PBXFileReference; explicitFileType = wrapper.application; includeInIndex = 0; path = MediumAppClone.app; sourceTree = BUILT_PRODUCTS_DIR; };
		85C2634024F0082A005438A1 /* AppDelegate.swift */ = {isa = PBXFileReference; lastKnownFileType = sourcecode.swift; path = AppDelegate.swift; sourceTree = "<group>"; };
		85C2634224F0082A005438A1 /* SceneDelegate.swift */ = {isa = PBXFileReference; lastKnownFileType = sourcecode.swift; path = SceneDelegate.swift; sourceTree = "<group>"; };
		85C2634424F0082A005438A1 /* ProfileViewController.swift */ = {isa = PBXFileReference; lastKnownFileType = sourcecode.swift; path = ProfileViewController.swift; sourceTree = "<group>"; };
		85C2634724F0082A005438A1 /* Base */ = {isa = PBXFileReference; lastKnownFileType = file.storyboard; name = Base; path = Base.lproj/Main.storyboard; sourceTree = "<group>"; };
		85C2634C24F0082C005438A1 /* Assets.xcassets */ = {isa = PBXFileReference; lastKnownFileType = folder.assetcatalog; path = Assets.xcassets; sourceTree = "<group>"; };
		85C2634F24F0082C005438A1 /* Base */ = {isa = PBXFileReference; lastKnownFileType = file.storyboard; name = Base; path = Base.lproj/LaunchScreen.storyboard; sourceTree = "<group>"; };
		85C2635124F0082C005438A1 /* Info.plist */ = {isa = PBXFileReference; lastKnownFileType = text.plist.xml; path = Info.plist; sourceTree = "<group>"; };
		85EA181A24FAD2510047FF7F /* DetailsViewController.swift */ = {isa = PBXFileReference; lastKnownFileType = sourcecode.swift; path = DetailsViewController.swift; sourceTree = "<group>"; };
		85EA181C24FADD370047FF7F /* Model.swift */ = {isa = PBXFileReference; lastKnownFileType = sourcecode.swift; path = Model.swift; sourceTree = "<group>"; };
		DB09001DCFC26EEEB336C6E3 /* Pods_MediumAppClone.framework */ = {isa = PBXFileReference; explicitFileType = wrapper.framework; includeInIndex = 0; path = Pods_MediumAppClone.framework; sourceTree = BUILT_PRODUCTS_DIR; };
/* End PBXFileReference section */

/* Begin PBXFrameworksBuildPhase section */
		85C2633A24F0082A005438A1 /* Frameworks */ = {
			isa = PBXFrameworksBuildPhase;
			buildActionMask = 2147483647;
			files = (
				0FF2259E230259BCA8C43072 /* Pods_MediumAppClone.framework in Frameworks */,
			);
			runOnlyForDeploymentPostprocessing = 0;
		};
/* End PBXFrameworksBuildPhase section */

/* Begin PBXGroup section */
		40A7641E97D3B9711EF38FDA /* Frameworks */ = {
			isa = PBXGroup;
			children = (
				DB09001DCFC26EEEB336C6E3 /* Pods_MediumAppClone.framework */,
			);
			name = Frameworks;
			sourceTree = "<group>";
		};
		4FAACDB2F71F55EF4ED30ADB /* Pods */ = {
			isa = PBXGroup;
			children = (
				7BC2892696DE7089D07BEF96 /* Pods-MediumAppClone.debug.xcconfig */,
				4E4B86674575A8E59BE1A96E /* Pods-MediumAppClone.release.xcconfig */,
			);
			path = Pods;
			sourceTree = "<group>";
		};
		85B89C4D250FB2A7005CC822 /* ViewControllers */ = {
			isa = PBXGroup;
			children = (
				8568B49B24F3B52A0070AAD8 /* CreateDocumentViewController.swift */,
				85C2634424F0082A005438A1 /* ProfileViewController.swift */,
				8525D2022500DEA40058F645 /* FavoriteViewController.swift */,
				85EA181A24FAD2510047FF7F /* DetailsViewController.swift */,
				8568B4A324F4FE060070AAD8 /* LoginSignUpViewController.swift */,
				85A9B76B24F90F480013BEF8 /* MainViewController.swift */,
			);
			path = ViewControllers;
			sourceTree = "<group>";
		};
		85B89C4E250FB2B6005CC822 /* Extension */ = {
			isa = PBXGroup;
			children = (
				8592B24624F6DDAB00231EFC /* DynamicConstraint.swift */,
			);
			path = Extension;
			sourceTree = "<group>";
		};
		85B89C4F250FB2D5005CC822 /* Cells */ = {
			isa = PBXGroup;
			children = (
				8525D2042500E10E0058F645 /* FavoriteTableViewCell.swift */,
				85A9B76D24F90F810013BEF8 /* MainTableViewCell.swift */,
			);
			path = Cells;
			sourceTree = "<group>";
		};
		85B89C50250FB2E3005CC822 /* Model */ = {
			isa = PBXGroup;
			children = (
				85EA181C24FADD370047FF7F /* Model.swift */,
			);
			path = Model;
			sourceTree = "<group>";
		};
		85C2633424F0082A005438A1 = {
			isa = PBXGroup;
			children = (
				85C2633F24F0082A005438A1 /* MediumAppClone */,
				85C2633E24F0082A005438A1 /* Products */,
				4FAACDB2F71F55EF4ED30ADB /* Pods */,
				40A7641E97D3B9711EF38FDA /* Frameworks */,
			);
			sourceTree = "<group>";
		};
		85C2633E24F0082A005438A1 /* Products */ = {
			isa = PBXGroup;
			children = (
				85C2633D24F0082A005438A1 /* MediumAppClone.app */,
			);
			name = Products;
			sourceTree = "<group>";
		};
		85C2633F24F0082A005438A1 /* MediumAppClone */ = {
			isa = PBXGroup;
			children = (
				85C2634024F0082A005438A1 /* AppDelegate.swift */,
				85C2634224F0082A005438A1 /* SceneDelegate.swift */,
				85C2634624F0082A005438A1 /* Main.storyboard */,
				85B89C4D250FB2A7005CC822 /* ViewControllers */,
				85B89C4E250FB2B6005CC822 /* Extension */,
				85B89C4F250FB2D5005CC822 /* Cells */,
				85B89C50250FB2E3005CC822 /* Model */,
				85C2634C24F0082C005438A1 /* Assets.xcassets */,
				85C2634E24F0082C005438A1 /* LaunchScreen.storyboard */,
				85C2635124F0082C005438A1 /* Info.plist */,
			);
			path = MediumAppClone;
			sourceTree = "<group>";
		};
/* End PBXGroup section */

/* Begin PBXNativeTarget section */
		85C2633C24F0082A005438A1 /* MediumAppClone */ = {
			isa = PBXNativeTarget;
			buildConfigurationList = 85C2635424F0082C005438A1 /* Build configuration list for PBXNativeTarget "MediumAppClone" */;
			buildPhases = (
				62DE3205EE180BBAAC0C9AF0 /* [CP] Check Pods Manifest.lock */,
				85C2633924F0082A005438A1 /* Sources */,
				85C2633A24F0082A005438A1 /* Frameworks */,
				85C2633B24F0082A005438A1 /* Resources */,
				24E31916B8606AC8BB44BDA0 /* [CP] Embed Pods Frameworks */,
			);
			buildRules = (
			);
			dependencies = (
			);
			name = MediumAppClone;
			productName = MediumAppClone;
			productReference = 85C2633D24F0082A005438A1 /* MediumAppClone.app */;
			productType = "com.apple.product-type.application";
		};
/* End PBXNativeTarget section */

/* Begin PBXProject section */
		85C2633524F0082A005438A1 /* Project object */ = {
			isa = PBXProject;
			attributes = {
				LastSwiftUpdateCheck = 1130;
				LastUpgradeCheck = 1130;
				ORGANIZATIONNAME = "Tutku Bide";
				TargetAttributes = {
					85C2633C24F0082A005438A1 = {
						CreatedOnToolsVersion = 11.3.1;
					};
				};
			};
			buildConfigurationList = 85C2633824F0082A005438A1 /* Build configuration list for PBXProject "MediumAppClone" */;
			compatibilityVersion = "Xcode 9.3";
			developmentRegion = en;
			hasScannedForEncodings = 0;
			knownRegions = (
				en,
				Base,
			);
			mainGroup = 85C2633424F0082A005438A1;
			productRefGroup = 85C2633E24F0082A005438A1 /* Products */;
			projectDirPath = "";
			projectRoot = "";
			targets = (
				85C2633C24F0082A005438A1 /* MediumAppClone */,
			);
		};
/* End PBXProject section */

/* Begin PBXResourcesBuildPhase section */
		85C2633B24F0082A005438A1 /* Resources */ = {
			isa = PBXResourcesBuildPhase;
			buildActionMask = 2147483647;
			files = (
				85C2635024F0082C005438A1 /* LaunchScreen.storyboard in Resources */,
				85C2634D24F0082C005438A1 /* Assets.xcassets in Resources */,
				85C2634824F0082A005438A1 /* Main.storyboard in Resources */,
			);
			runOnlyForDeploymentPostprocessing = 0;
		};
/* End PBXResourcesBuildPhase section */

/* Begin PBXShellScriptBuildPhase section */
		24E31916B8606AC8BB44BDA0 /* [CP] Embed Pods Frameworks */ = {
			isa = PBXShellScriptBuildPhase;
			buildActionMask = 2147483647;
			files = (
			);
			inputFileListPaths = (
				"${PODS_ROOT}/Target Support Files/Pods-MediumAppClone/Pods-MediumAppClone-frameworks-${CONFIGURATION}-input-files.xcfilelist",
			);
			name = "[CP] Embed Pods Frameworks";
			outputFileListPaths = (
				"${PODS_ROOT}/Target Support Files/Pods-MediumAppClone/Pods-MediumAppClone-frameworks-${CONFIGURATION}-output-files.xcfilelist",
			);
			runOnlyForDeploymentPostprocessing = 0;
			shellPath = /bin/sh;
			shellScript = "\"${PODS_ROOT}/Target Support Files/Pods-MediumAppClone/Pods-MediumAppClone-frameworks.sh\"\n";
			showEnvVarsInLog = 0;
		};
		62DE3205EE180BBAAC0C9AF0 /* [CP] Check Pods Manifest.lock */ = {
			isa = PBXShellScriptBuildPhase;
			buildActionMask = 2147483647;
			files = (
			);
			inputFileListPaths = (
			);
			inputPaths = (
				"${PODS_PODFILE_DIR_PATH}/Podfile.lock",
				"${PODS_ROOT}/Manifest.lock",
			);
			name = "[CP] Check Pods Manifest.lock";
			outputFileListPaths = (
			);
			outputPaths = (
				"$(DERIVED_FILE_DIR)/Pods-MediumAppClone-checkManifestLockResult.txt",
			);
			runOnlyForDeploymentPostprocessing = 0;
			shellPath = /bin/sh;
			shellScript = "diff \"${PODS_PODFILE_DIR_PATH}/Podfile.lock\" \"${PODS_ROOT}/Manifest.lock\" > /dev/null\nif [ $? != 0 ] ; then\n    # print error to STDERR\n    echo \"error: The sandbox is not in sync with the Podfile.lock. Run 'pod install' or update your CocoaPods installation.\" >&2\n    exit 1\nfi\n# This output is used by Xcode 'outputs' to avoid re-running this script phase.\necho \"SUCCESS\" > \"${SCRIPT_OUTPUT_FILE_0}\"\n";
			showEnvVarsInLog = 0;
		};
/* End PBXShellScriptBuildPhase section */

/* Begin PBXSourcesBuildPhase section */
		85C2633924F0082A005438A1 /* Sources */ = {
			isa = PBXSourcesBuildPhase;
			buildActionMask = 2147483647;
			files = (
				8525D2032500DEA40058F645 /* FavoriteViewController.swift in Sources */,
				8525D2052500E10E0058F645 /* FavoriteTableViewCell.swift in Sources */,
				85A9B76C24F90F480013BEF8 /* MainViewController.swift in Sources */,
				8568B49C24F3B52A0070AAD8 /* CreateDocumentViewController.swift in Sources */,
				85EA181B24FAD2510047FF7F /* DetailsViewController.swift in Sources */,
				85A9B76E24F90F810013BEF8 /* MainTableViewCell.swift in Sources */,
				85C2634524F0082A005438A1 /* ProfileViewController.swift in Sources */,
				85EA181D24FADD370047FF7F /* Model.swift in Sources */,
				85C2634124F0082A005438A1 /* AppDelegate.swift in Sources */,
				8568B4A424F4FE060070AAD8 /* LoginSignUpViewController.swift in Sources */,
				8592B24724F6DDAB00231EFC /* DynamicConstraint.swift in Sources */,
				85C2634324F0082A005438A1 /* SceneDelegate.swift in Sources */,
			);
			runOnlyForDeploymentPostprocessing = 0;
		};
/* End PBXSourcesBuildPhase section */

/* Begin PBXVariantGroup section */
		85C2634624F0082A005438A1 /* Main.storyboard */ = {
			isa = PBXVariantGroup;
			children = (
				85C2634724F0082A005438A1 /* Base */,
			);
			name = Main.storyboard;
			sourceTree = "<group>";
		};
		85C2634E24F0082C005438A1 /* LaunchScreen.storyboard */ = {
			isa = PBXVariantGroup;
			children = (
				85C2634F24F0082C005438A1 /* Base */,
			);
			name = LaunchScreen.storyboard;
			sourceTree = "<group>";
		};
/* End PBXVariantGroup section */

/* Begin XCBuildConfiguration section */
		85C2635224F0082C005438A1 /* Debug */ = {
			isa = XCBuildConfiguration;
			buildSettings = {
				ALWAYS_SEARCH_USER_PATHS = NO;
				CLANG_ANALYZER_NONNULL = YES;
				CLANG_ANALYZER_NUMBER_OBJECT_CONVERSION = YES_AGGRESSIVE;
				CLANG_CXX_LANGUAGE_STANDARD = "gnu++14";
				CLANG_CXX_LIBRARY = "libc++";
				CLANG_ENABLE_MODULES = YES;
				CLANG_ENABLE_OBJC_ARC = YES;
				CLANG_ENABLE_OBJC_WEAK = YES;
				CLANG_WARN_BLOCK_CAPTURE_AUTORELEASING = YES;
				CLANG_WARN_BOOL_CONVERSION = YES;
				CLANG_WARN_COMMA = YES;
				CLANG_WARN_CONSTANT_CONVERSION = YES;
				CLANG_WARN_DEPRECATED_OBJC_IMPLEMENTATIONS = YES;
				CLANG_WARN_DIRECT_OBJC_ISA_USAGE = YES_ERROR;
				CLANG_WARN_DOCUMENTATION_COMMENTS = YES;
				CLANG_WARN_EMPTY_BODY = YES;
				CLANG_WARN_ENUM_CONVERSION = YES;
				CLANG_WARN_INFINITE_RECURSION = YES;
				CLANG_WARN_INT_CONVERSION = YES;
				CLANG_WARN_NON_LITERAL_NULL_CONVERSION = YES;
				CLANG_WARN_OBJC_IMPLICIT_RETAIN_SELF = YES;
				CLANG_WARN_OBJC_LITERAL_CONVERSION = YES;
				CLANG_WARN_OBJC_ROOT_CLASS = YES_ERROR;
				CLANG_WARN_RANGE_LOOP_ANALYSIS = YES;
				CLANG_WARN_STRICT_PROTOTYPES = YES;
				CLANG_WARN_SUSPICIOUS_MOVE = YES;
				CLANG_WARN_UNGUARDED_AVAILABILITY = YES_AGGRESSIVE;
				CLANG_WARN_UNREACHABLE_CODE = YES;
				CLANG_WARN__DUPLICATE_METHOD_MATCH = YES;
				COPY_PHASE_STRIP = NO;
				DEBUG_INFORMATION_FORMAT = dwarf;
				ENABLE_STRICT_OBJC_MSGSEND = YES;
				ENABLE_TESTABILITY = YES;
				GCC_C_LANGUAGE_STANDARD = gnu11;
				GCC_DYNAMIC_NO_PIC = NO;
				GCC_NO_COMMON_BLOCKS = YES;
				GCC_OPTIMIZATION_LEVEL = 0;
				GCC_PREPROCESSOR_DEFINITIONS = (
					"DEBUG=1",
					"$(inherited)",
				);
				GCC_WARN_64_TO_32_BIT_CONVERSION = YES;
				GCC_WARN_ABOUT_RETURN_TYPE = YES_ERROR;
				GCC_WARN_UNDECLARED_SELECTOR = YES;
				GCC_WARN_UNINITIALIZED_AUTOS = YES_AGGRESSIVE;
				GCC_WARN_UNUSED_FUNCTION = YES;
				GCC_WARN_UNUSED_VARIABLE = YES;
				IPHONEOS_DEPLOYMENT_TARGET = 13.2;
				MTL_ENABLE_DEBUG_INFO = INCLUDE_SOURCE;
				MTL_FAST_MATH = YES;
				ONLY_ACTIVE_ARCH = YES;
				SDKROOT = iphoneos;
				SWIFT_ACTIVE_COMPILATION_CONDITIONS = DEBUG;
				SWIFT_OPTIMIZATION_LEVEL = "-Onone";
			};
			name = Debug;
		};
		85C2635324F0082C005438A1 /* Release */ = {
			isa = XCBuildConfiguration;
			buildSettings = {
				ALWAYS_SEARCH_USER_PATHS = NO;
				CLANG_ANALYZER_NONNULL = YES;
				CLANG_ANALYZER_NUMBER_OBJECT_CONVERSION = YES_AGGRESSIVE;
				CLANG_CXX_LANGUAGE_STANDARD = "gnu++14";
				CLANG_CXX_LIBRARY = "libc++";
				CLANG_ENABLE_MODULES = YES;
				CLANG_ENABLE_OBJC_ARC = YES;
				CLANG_ENABLE_OBJC_WEAK = YES;
				CLANG_WARN_BLOCK_CAPTURE_AUTORELEASING = YES;
				CLANG_WARN_BOOL_CONVERSION = YES;
				CLANG_WARN_COMMA = YES;
				CLANG_WARN_CONSTANT_CONVERSION = YES;
				CLANG_WARN_DEPRECATED_OBJC_IMPLEMENTATIONS = YES;
				CLANG_WARN_DIRECT_OBJC_ISA_USAGE = YES_ERROR;
				CLANG_WARN_DOCUMENTATION_COMMENTS = YES;
				CLANG_WARN_EMPTY_BODY = YES;
				CLANG_WARN_ENUM_CONVERSION = YES;
				CLANG_WARN_INFINITE_RECURSION = YES;
				CLANG_WARN_INT_CONVERSION = YES;
				CLANG_WARN_NON_LITERAL_NULL_CONVERSION = YES;
				CLANG_WARN_OBJC_IMPLICIT_RETAIN_SELF = YES;
				CLANG_WARN_OBJC_LITERAL_CONVERSION = YES;
				CLANG_WARN_OBJC_ROOT_CLASS = YES_ERROR;
				CLANG_WARN_RANGE_LOOP_ANALYSIS = YES;
				CLANG_WARN_STRICT_PROTOTYPES = YES;
				CLANG_WARN_SUSPICIOUS_MOVE = YES;
				CLANG_WARN_UNGUARDED_AVAILABILITY = YES_AGGRESSIVE;
				CLANG_WARN_UNREACHABLE_CODE = YES;
				CLANG_WARN__DUPLICATE_METHOD_MATCH = YES;
				COPY_PHASE_STRIP = NO;
				DEBUG_INFORMATION_FORMAT = "dwarf-with-dsym";
				ENABLE_NS_ASSERTIONS = NO;
				ENABLE_STRICT_OBJC_MSGSEND = YES;
				GCC_C_LANGUAGE_STANDARD = gnu11;
				GCC_NO_COMMON_BLOCKS = YES;
				GCC_WARN_64_TO_32_BIT_CONVERSION = YES;
				GCC_WARN_ABOUT_RETURN_TYPE = YES_ERROR;
				GCC_WARN_UNDECLARED_SELECTOR = YES;
				GCC_WARN_UNINITIALIZED_AUTOS = YES_AGGRESSIVE;
				GCC_WARN_UNUSED_FUNCTION = YES;
				GCC_WARN_UNUSED_VARIABLE = YES;
				IPHONEOS_DEPLOYMENT_TARGET = 13.2;
				MTL_ENABLE_DEBUG_INFO = NO;
				MTL_FAST_MATH = YES;
				SDKROOT = iphoneos;
				SWIFT_COMPILATION_MODE = wholemodule;
				SWIFT_OPTIMIZATION_LEVEL = "-O";
				VALIDATE_PRODUCT = YES;
			};
			name = Release;
		};
		85C2635524F0082C005438A1 /* Debug */ = {
			isa = XCBuildConfiguration;
			baseConfigurationReference = 7BC2892696DE7089D07BEF96 /* Pods-MediumAppClone.debug.xcconfig */;
			buildSettings = {
				ASSETCATALOG_COMPILER_APPICON_NAME = AppIcon;
				CODE_SIGN_STYLE = Automatic;
				INFOPLIST_FILE = MediumAppClone/Info.plist;
				LD_RUNPATH_SEARCH_PATHS = (
					"$(inherited)",
					"@executable_path/Frameworks",
				);
				PRODUCT_BUNDLE_IDENTIFIER = tutkubide.MediumAppClone;
				PRODUCT_NAME = "$(TARGET_NAME)";
				SWIFT_VERSION = 5.0;
				TARGETED_DEVICE_FAMILY = "1,2";
			};
			name = Debug;
		};
		85C2635624F0082C005438A1 /* Release */ = {
			isa = XCBuildConfiguration;
			baseConfigurationReference = 4E4B86674575A8E59BE1A96E /* Pods-MediumAppClone.release.xcconfig */;
			buildSettings = {
				ASSETCATALOG_COMPILER_APPICON_NAME = AppIcon;
				CODE_SIGN_STYLE = Automatic;
				INFOPLIST_FILE = MediumAppClone/Info.plist;
				LD_RUNPATH_SEARCH_PATHS = (
					"$(inherited)",
					"@executable_path/Frameworks",
				);
				PRODUCT_BUNDLE_IDENTIFIER = tutkubide.MediumAppClone;
				PRODUCT_NAME = "$(TARGET_NAME)";
				SWIFT_VERSION = 5.0;
				TARGETED_DEVICE_FAMILY = "1,2";
			};
			name = Release;
		};
/* End XCBuildConfiguration section */

/* Begin XCConfigurationList section */
		85C2633824F0082A005438A1 /* Build configuration list for PBXProject "MediumAppClone" */ = {
			isa = XCConfigurationList;
			buildConfigurations = (
				85C2635224F0082C005438A1 /* Debug */,
				85C2635324F0082C005438A1 /* Release */,
			);
			defaultConfigurationIsVisible = 0;
			defaultConfigurationName = Release;
		};
		85C2635424F0082C005438A1 /* Build configuration list for PBXNativeTarget "MediumAppClone" */ = {
			isa = XCConfigurationList;
			buildConfigurations = (
				85C2635524F0082C005438A1 /* Debug */,
				85C2635624F0082C005438A1 /* Release */,
			);
			defaultConfigurationIsVisible = 0;
			defaultConfigurationName = Release;
		};
/* End XCConfigurationList section */
	};
	rootObject = 85C2633524F0082A005438A1 /* Project object */;
}
